
Microsoft Visual Studio Solution File, Format Version 12.00
# Visual Studio Version 16
VisualStudioVersion = 16.0.28803.352
MinimumVisualStudioVersion = 10.0.40219.1
Project("{2150E333-8FDC-42A3-9474-1A3956D46DE8}") = "props", "props", "{F9B91146-BE48-4938-8DD6-CCEB27CE77F9}"
	ProjectSection(SolutionItems) = preProject
		android_lib_debug.props = android_lib_debug.props
		android_lib_release.props = android_lib_release.props
		linux_lib_debug.props = linux_lib_debug.props
		linux_lib_release.props = linux_lib_release.props
		win_lib_debug.props = win_lib_debug.props
		win_lib_release.props = win_lib_release.props
	EndProjectSection
EndProject
Project("{2150E333-8FDC-42A3-9474-1A3956D46DE8}") = "libs", "libs", "{1936B754-B411-4F58-B49A-99E4F7D1A04E}"
EndProject
Project("{8BC9CEB8-8B4A-11D0-8D11-00A0C91BC942}") = "platform.win", "platform\platform.win.vcxproj", "{4C0C4378-E2B3-40E7-1111-1283FDE510DE}"
EndProject
Global
	GlobalSection(SolutionConfigurationPlatforms) = preSolution
		Debug|x86 = Debug|x86
		Release|x86 = Release|x86
	EndGlobalSection
	GlobalSection(ProjectConfigurationPlatforms) = postSolution
		{4C0C4378-E2B3-40E7-1111-1283FDE510DE}.Debug|x86.ActiveCfg = Debug|Win32
		{4C0C4378-E2B3-40E7-1111-1283FDE510DE}.Debug|x86.Build.0 = Debug|Win32
		{4C0C4378-E2B3-40E7-1111-1283FDE510DE}.Release|x86.ActiveCfg = Release|Win32
		{4C0C4378-E2B3-40E7-1111-1283FDE510DE}.Release|x86.Build.0 = Release|Win32
	EndGlobalSection
	GlobalSection(SolutionProperties) = preSolution
		HideSolutionNode = FALSE
	EndGlobalSection
	GlobalSection(ExtensibilityGlobals) = postSolution
		SolutionGuid = {6FF6F4B9-B383-447E-B2E7-0D7A20F8555B}
	EndGlobalSection
EndGlobal
